
Microsoft Visual Studio Solution File, Format Version 12.00
# Visual Studio Version 17
VisualStudioVersion = 17.3.32901.215
MinimumVisualStudioVersion = 10.0.40219.1
Project("{FAE04EC0-301F-11D3-BF4B-00C04F79EFBC}") = "Marlin.sqlite", "Marlin.sqlite\Marlin.sqlite.csproj", "{5961FC1C-A050-4281-94BA-2FCFCEFA295F}"
EndProject
Global
	GlobalSection(SolutionConfigurationPlatforms) = preSolution
		Debug|Any CPU = Debug|Any CPU
		Release|Any CPU = Release|Any CPU
	EndGlobalSection
	GlobalSection(ProjectConfigurationPlatforms) = postSolution
		{5961FC1C-A050-4281-94BA-2FCFCEFA295F}.Debug|Any CPU.ActiveCfg = Debug|Any CPU
		{5961FC1C-A050-4281-94BA-2FCFCEFA295F}.Debug|Any CPU.Build.0 = Debug|Any CPU
		{5961FC1C-A050-4281-94BA-2FCFCEFA295F}.Release|Any CPU.ActiveCfg = Release|Any CPU
		{5961FC1C-A050-4281-94BA-2FCFCEFA295F}.Release|Any CPU.Build.0 = Release|Any CPU
	EndGlobalSection
	GlobalSection(SolutionProperties) = preSolution
		HideSolutionNode = FALSE
	EndGlobalSection
	GlobalSection(ExtensibilityGlobals) = postSolution
		SolutionGuid = {EB96B22A-369D-4331-8517-C660C552E1E7}
	EndGlobalSection
EndGlobal
